# Tests pass with these versions 2024-02-03
boto3==1.34.34
botocore==1.34.34
certifi==2024.2.2
cffi==1.16.0
charset-normalizer==3.3.2
cryptography==42.0.2
hjson==3.1.0
idna==3.6
importlib-metadata==7.0.1
importlib-resources==6.1.1
jaraco.classes==3.3.0
Jinja2==3.1.3
jmespath==1.0.1
keyring==24.3.0
MarkupSafe==2.1.4
mo-collections==5.522.24033
mo-dots==9.527.24034
mo-files==6.527.24034
mo-future==7.520.24032
mo-imports==7.527.24034
mo-json==6.527.24034
mo-json-config==4.527.24034
mo-kwargs==7.527.24034
mo-logs==8.527.24034
mo-math==7.527.24034
mo-testing==7.523.24033
mo-threads==6.522.24033
mo-times==5.527.24034
more-itertools==10.2.0
moto==4.2.14
pycparser==2.21
python-dateutil==2.8.2
pywin32-ctypes==0.2.2
PyYAML==6.0.1
requests==2.31.0
responses==0.24.1
s3transfer==0.10.0
six==1.16.0
urllib3==1.26.18
Werkzeug==3.0.1
xmltodict==0.13.0
zipp==3.17.0